{
    "version": 3,
    "terraform_version": "0.11.8",
    "serial": 3,
    "lineage": "f92017e1-5ba4-35ce-1392-a7f593ca28a2",
    "modules": [
        {
            "path": [
                "root"
            ],
            "outputs": {},
            "resources": {
                "aws_instance.ec2_instance": {
                    "type": "aws_instance",
                    "depends_on": [],
                    "primary": {
                        "id": "i-0d7a8905a7ff47948",
                        "attributes": {
                            "ami": "ami-0782e9ee97725263d",
                            "arn": "arn:aws:ec2:us-east-2:118040204472:instance/i-0d7a8905a7ff47948",
                            "associate_public_ip_address": "true",
                            "availability_zone": "us-east-2b",
                            "cpu_core_count": "1",
                            "cpu_threads_per_core": "1",
                            "credit_specification.#": "1",
                            "credit_specification.0.cpu_credits": "standard",
                            "disable_api_termination": "false",
                            "ebs_block_device.#": "0",
                            "ebs_optimized": "false",
                            "ephemeral_block_device.#": "0",
                            "get_password_data": "false",
                            "iam_instance_profile": "",
                            "id": "i-0d7a8905a7ff47948",
                            "instance_state": "running",
                            "instance_type": "t2.micro",
                            "ipv6_addresses.#": "0",
                            "key_name": "",
                            "monitoring": "false",
                            "network_interface.#": "0",
                            "network_interface_id": "eni-0bf4eb52c28b03ce7",
                            "password_data": "",
                            "placement_group": "",
                            "primary_network_interface_id": "eni-0bf4eb52c28b03ce7",
                            "private_dns": "ip-172-31-24-149.us-east-2.compute.internal",
                            "private_ip": "172.31.24.149",
                            "public_dns": "ec2-18-224-22-128.us-east-2.compute.amazonaws.com",
                            "public_ip": "18.224.22.128",
                            "root_block_device.#": "1",
                            "root_block_device.0.delete_on_termination": "true",
                            "root_block_device.0.iops": "100",
                            "root_block_device.0.volume_id": "vol-09e4abaa29c096397",
                            "root_block_device.0.volume_size": "8",
                            "root_block_device.0.volume_type": "gp2",
                            "security_groups.#": "1",
                            "security_groups.3814588639": "default",
                            "source_dest_check": "true",
                            "subnet_id": "subnet-6a970410",
                            "tags.%": "0",
                            "tenancy": "default",
                            "volume_tags.%": "0",
                            "vpc_security_group_ids.#": "1",
                            "vpc_security_group_ids.1903364115": "sg-dae946b7"
                        },
                        "meta": {
                            "e2bfb730-ecaa-11e6-8f88-34363bc7c4c0": {
                                "create": 600000000000,
                                "delete": 1200000000000,
                                "update": 600000000000
                            },
                            "schema_version": "1"
                        },
                        "tainted": false
                    },
                    "deposed": [],
                    "provider": "provider.aws"
                },
                "aws_vpc.ec2_test_vpc": {
                    "type": "aws_vpc",
                    "depends_on": [],
                    "primary": {
                        "id": "vpc-0ffc1dd36b8808737",
                        "attributes": {
                            "arn": "arn:aws:ec2:us-east-2:118040204472:vpc/vpc-0ffc1dd36b8808737",
                            "assign_generated_ipv6_cidr_block": "false",
                            "cidr_block": "192.192.41.0/24",
                            "default_network_acl_id": "acl-0f96387ba4d83cad6",
                            "default_route_table_id": "rtb-0a2e4e45dd62a6010",
                            "default_security_group_id": "sg-0fab7d3f7cd1ac901",
                            "dhcp_options_id": "dopt-cbdccba3",
                            "enable_dns_hostnames": "false",
                            "enable_dns_support": "false",
                            "id": "vpc-0ffc1dd36b8808737",
                            "instance_tenancy": "default",
                            "main_route_table_id": "rtb-0a2e4e45dd62a6010",
                            "tags.%": "0"
                        },
                        "meta": {
                            "schema_version": "1"
                        },
                        "tainted": false
                    },
                    "deposed": [],
                    "provider": "provider.aws"
                }
            },
            "depends_on": []
        }
    ]
}
